
Microsoft Visual Studio Solution File, Format Version 12.00
# Visual Studio Version 17
VisualStudioVersion = 17.4.33122.133
MinimumVisualStudioVersion = 10.0.40219.1
Project("{8BC9CEB8-8B4A-11D0-8D11-00A0C91BC942}") = "D3D12Voxels", "D3D12Voxels.vcxproj", "{FC1C3287-2089-4CFE-B341-80D0EDFEE455}"
EndProject
Global
	GlobalSection(SolutionConfigurationPlatforms) = preSolution
		Debug|x64 = Debug|x64
		Debug|x86 = Debug|x86
		Release|x64 = Release|x64
		Release|x86 = Release|x86
	EndGlobalSection
	GlobalSection(ProjectConfigurationPlatforms) = postSolution
		{FC1C3287-2089-4CFE-B341-80D0EDFEE455}.Debug|x64.ActiveCfg = Debug|x64
		{FC1C3287-2089-4CFE-B341-80D0EDFEE455}.Debug|x64.Build.0 = Debug|x64
		{FC1C3287-2089-4CFE-B341-80D0EDFEE455}.Debug|x86.ActiveCfg = Debug|Win32
		{FC1C3287-2089-4CFE-B341-80D0EDFEE455}.Debug|x86.Build.0 = Debug|Win32
		{FC1C3287-2089-4CFE-B341-80D0EDFEE455}.Release|x64.ActiveCfg = Release|x64
		{FC1C3287-2089-4CFE-B341-80D0EDFEE455}.Release|x64.Build.0 = Release|x64
		{FC1C3287-2089-4CFE-B341-80D0EDFEE455}.Release|x86.ActiveCfg = Release|Win32
		{FC1C3287-2089-4CFE-B341-80D0EDFEE455}.Release|x86.Build.0 = Release|Win32
	EndGlobalSection
	GlobalSection(SolutionProperties) = preSolution
		HideSolutionNode = FALSE
	EndGlobalSection
	GlobalSection(ExtensibilityGlobals) = postSolution
		SolutionGuid = {A85D8261-3924-4848-9EC6-FD7A18252A5F}
	EndGlobalSection
EndGlobal
