<?xml version="1.0" encoding="utf-8"?>
<Project ToolsVersion="4.0" xmlns="http://schemas.microsoft.com/developer/msbuild/2003">
  <ItemGroup>
    <Filter Include="Core">
      <UniqueIdentifier>{11bb9556-1a12-4a17-b285-6aea4f8802f3}</UniqueIdentifier>
    </Filter>
    <Filter Include="Util">
      <UniqueIdentifier>{ad29b862-ac55-4379-8a00-3c936ab2ad6f}</UniqueIdentifier>
    </Filter>
    <Filter Include="Vendor">
      <UniqueIdentifier>{7cb49077-2bf8-40e5-b356-c92510f879a0}</UniqueIdentifier>
    </Filter>
    <Filter Include="Renderer">
      <UniqueIdentifier>{f5150979-c181-441e-b74e-6e21ba218ca7}</UniqueIdentifier>
    </Filter>
    <Filter Include="Shaders">
      <UniqueIdentifier>{09c23196-fc83-435e-8918-7063471a976e}</UniqueIdentifier>
    </Filter>
    <Filter Include="Renderer\RHI">
      <UniqueIdentifier>{da755d4f-f851-4aee-bc8c-064f16b626b8}</UniqueIdentifier>
    </Filter>
    <Filter Include="Vendor\D3D12MA">
      <UniqueIdentifier>{ce66f287-3aa8-40d8-a33e-11d00ecb681e}</UniqueIdentifier>
    </Filter>
  </ItemGroup>
  <ItemGroup>
    <ClCompile Include="src\Core\Application.cpp">
      <Filter>Core</Filter>
    </ClCompile>
    <ClCompile Include="src\Util\String.cpp">
      <Filter>Util</Filter>
    </ClCompile>
    <ClCompile Include="src\Main.cpp" />
    <ClCompile Include="src\Core\Logger.cpp">
      <Filter>Core</Filter>
    </ClCompile>
    <ClCompile Include="src\Renderer\Renderer.cpp">
      <Filter>Renderer</Filter>
    </ClCompile>
    <ClCompile Include="src\Renderer\RHI\GpuCommandQueue.cpp">
      <Filter>Renderer\RHI</Filter>
    </ClCompile>
    <ClCompile Include="src\Renderer\RHI\GpuDevice.cpp">
      <Filter>Renderer\RHI</Filter>
    </ClCompile>
    <ClCompile Include="vendor\D3D12MA\D3D12MemAlloc.cpp">
      <Filter>Vendor\D3D12MA</Filter>
    </ClCompile>
    <ClCompile Include="src\Renderer\RHI\GpuResource.cpp">
      <Filter>Renderer\RHI</Filter>
    </ClCompile>
    <ClCompile Include="src\Renderer\RHI\RHIValidationLayer.cpp">
      <Filter>Renderer\RHI</Filter>
    </ClCompile>
    <ClCompile Include="src\Renderer\RHI\RHISwapchain.cpp">
      <Filter>Renderer\RHI</Filter>
    </ClCompile>
    <ClCompile Include="src\Renderer\RHI\GpuCommandList.cpp">
      <Filter>Renderer\RHI</Filter>
    </ClCompile>
    <ClCompile Include="src\Renderer\RHI\RHICommandAllocatorPool.cpp">
      <Filter>Renderer\RHI</Filter>
    </ClCompile>
    <ClCompile Include="src\Renderer\RHI\RHICommandContext.cpp">
      <Filter>Renderer\RHI</Filter>
    </ClCompile>
    <ClCompile Include="src\Renderer\RHI\GpuPhysicalDevice.cpp">
      <Filter>Renderer\RHI</Filter>
    </ClCompile>
    <ClCompile Include="src\Renderer\RHI\GpuDescriptorHeap.cpp" />
    <ClCompile Include="src\Renderer\RHI\RootSignature.cpp" />
  </ItemGroup>
  <ItemGroup>
    <ClInclude Include="src\Core\Application.h">
      <Filter>Core</Filter>
    </ClInclude>
    <ClInclude Include="src\Util\String.h">
      <Filter>Util</Filter>
    </ClInclude>
    <ClInclude Include="src\Core\Logger.h">
      <Filter>Core</Filter>
    </ClInclude>
    <ClInclude Include="src\Core\Defines.h">
      <Filter>Core</Filter>
    </ClInclude>
    <ClInclude Include="src\Core\Assert.h">
      <Filter>Core</Filter>
    </ClInclude>
    <ClInclude Include="src\Renderer\RHI\stdafx.h">
      <Filter>Renderer</Filter>
    </ClInclude>
    <ClInclude Include="src\Renderer\Renderer.h">
      <Filter>Renderer</Filter>
    </ClInclude>
    <ClInclude Include="vendor\d3dx12.h">
      <Filter>Vendor</Filter>
    </ClInclude>
    <ClInclude Include="src\Renderer\RHI\GpuCommandQueue.h">
      <Filter>Renderer\RHI</Filter>
    </ClInclude>
    <ClInclude Include="src\Renderer\RHI\GpuDevice.h">
      <Filter>Renderer\RHI</Filter>
    </ClInclude>
    <ClInclude Include="src\Renderer\RHI\RHIValidationLayer.h">
      <Filter>Renderer\RHI</Filter>
    </ClInclude>
    <ClInclude Include="vendor\D3D12MA\D3D12MemAlloc.h">
      <Filter>Vendor\D3D12MA</Filter>
    </ClInclude>
    <ClInclude Include="src\Renderer\RHI\GpuResource.h">
      <Filter>Renderer\RHI</Filter>
    </ClInclude>
    <ClInclude Include="src\Renderer\RHI\RHISwapchain.h">
      <Filter>Renderer\RHI</Filter>
    </ClInclude>
    <ClInclude Include="src\Renderer\RHI\GpuCommandList.h">
      <Filter>Renderer\RHI</Filter>
    </ClInclude>
    <ClInclude Include="src\Renderer\RHI\GpuDeviceChild.h">
      <Filter>Renderer\RHI</Filter>
    </ClInclude>
    <ClInclude Include="src\Renderer\RHI\RHICommandAllocatorPool.h">
      <Filter>Renderer\RHI</Filter>
    </ClInclude>
    <ClInclude Include="src\Renderer\RHI\RHICommandContext.h">
      <Filter>Renderer\RHI</Filter>
    </ClInclude>
    <ClInclude Include="src\Renderer\RHI\GpuPhysicalDevice.h">
      <Filter>Renderer\RHI</Filter>
    </ClInclude>
    <ClInclude Include="src\Renderer\RHI\GpuDescriptorHeap.h" />
    <ClInclude Include="src\Renderer\RHI\RootSignature.h" />
  </ItemGroup>
  <ItemGroup>
    <None Include="vcpkg.json">
      <Filter>Vendor</Filter>
    </None>
    <None Include="packages.config" />
  </ItemGroup>
  <ItemGroup>
    <Natvis Include="vendor\D3D12MA\D3D12MemAlloc.natvis">
      <Filter>Vendor\D3D12MA</Filter>
    </Natvis>
  </ItemGroup>
  <ItemGroup>
    <FxCompile Include="shaders\Triangle.hlsl">
      <Filter>Shaders</Filter>
    </FxCompile>
  </ItemGroup>
</Project>