<?xml version="1.0" encoding="utf-8"?>
<Project ToolsVersion="4.0" xmlns="http://schemas.microsoft.com/developer/msbuild/2003">
  <ItemGroup>
    <Filter Include="Core">
      <UniqueIdentifier>{11bb9556-1a12-4a17-b285-6aea4f8802f3}</UniqueIdentifier>
    </Filter>
    <Filter Include="Gfx">
      <UniqueIdentifier>{f5150979-c181-441e-b74e-6e21ba218ca7}</UniqueIdentifier>
    </Filter>
    <Filter Include="Util">
      <UniqueIdentifier>{ad29b862-ac55-4379-8a00-3c936ab2ad6f}</UniqueIdentifier>
    </Filter>
    <Filter Include="Vendor">
      <UniqueIdentifier>{7cb49077-2bf8-40e5-b356-c92510f879a0}</UniqueIdentifier>
    </Filter>
  </ItemGroup>
  <ItemGroup>
    <ClCompile Include="src\Core\Application.cpp">
      <Filter>Core</Filter>
    </ClCompile>
    <ClCompile Include="src\Util\String.cpp">
      <Filter>Util</Filter>
    </ClCompile>
    <ClCompile Include="src\Main.cpp" />
    <ClCompile Include="src\Core\Logger.cpp">
      <Filter>Core</Filter>
    </ClCompile>
    <ClCompile Include="src\Gfx\Renderer.cpp">
      <Filter>Gfx</Filter>
    </ClCompile>
  </ItemGroup>
  <ItemGroup>
    <ClInclude Include="src\Core\Application.h">
      <Filter>Core</Filter>
    </ClInclude>
    <ClInclude Include="src\Gfx\Renderer.h">
      <Filter>Gfx</Filter>
    </ClInclude>
    <ClInclude Include="src\Gfx\stdafx.h">
      <Filter>Gfx</Filter>
    </ClInclude>
    <ClInclude Include="src\Util\String.h">
      <Filter>Util</Filter>
    </ClInclude>
    <ClInclude Include="src\Core\Logger.h">
      <Filter>Core</Filter>
    </ClInclude>
    <ClInclude Include="src\Core\Defines.h">
      <Filter>Core</Filter>
    </ClInclude>
    <ClInclude Include="src\Core\Assert.h">
      <Filter>Core</Filter>
    </ClInclude>
  </ItemGroup>
  <ItemGroup>
    <None Include="vcpkg.json">
      <Filter>Vendor</Filter>
    </None>
  </ItemGroup>
</Project>